<?xml version="1.0" encoding="utf-8"?>
<Project ToolsVersion="4.0" xmlns="http://schemas.microsoft.com/developer/msbuild/2003">
  <ItemGroup>
    <Filter Include="Objects">
      <UniqueIdentifier>{bbae2f0e-20b7-4a19-8d46-363dd04b254d}</UniqueIdentifier>
    </Filter>
    <Filter Include="gameManagement">
      <UniqueIdentifier>{05a4e6e3-e59b-421c-8b97-ff95ace498a1}</UniqueIdentifier>
    </Filter>
  </ItemGroup>
  <ItemGroup>
    <ClCompile Include="..\src\objects\ball.cpp">
      <Filter>Objects</Filter>
    </ClCompile>
    <ClCompile Include="..\src\objects\blocks.cpp">
      <Filter>Objects</Filter>
    </ClCompile>
    <ClCompile Include="..\src\objects\buttons.cpp">
      <Filter>Objects</Filter>
    </ClCompile>
    <ClCompile Include="..\src\objects\paddle.cpp">
      <Filter>Objects</Filter>
    </ClCompile>
    <ClCompile Include="..\src\objects\powerUp.cpp">
      <Filter>Objects</Filter>
    </ClCompile>
    <ClCompile Include="..\src\main.cpp" />
    <ClCompile Include="..\src\gameManagement\FileName.cpp">
      <Filter>gameManagement</Filter>
    </ClCompile>
    <ClCompile Include="..\src\gameManagement\menu.cpp">
      <Filter>gameManagement</Filter>
    </ClCompile>
    <ClCompile Include="..\src\gameManagement\pause.cpp">
      <Filter>gameManagement</Filter>
    </ClCompile>
    <ClCompile Include="..\src\gameManagement\rules.cpp">
      <Filter>gameManagement</Filter>
    </ClCompile>
  </ItemGroup>
  <ItemGroup>
    <ClInclude Include="..\src\objects\ball.h">
      <Filter>Objects</Filter>
    </ClInclude>
    <ClInclude Include="..\src\objects\blocks.h">
      <Filter>Objects</Filter>
    </ClInclude>
    <ClInclude Include="..\src\objects\buttons.h">
      <Filter>Objects</Filter>
    </ClInclude>
    <ClInclude Include="..\src\objects\paddle.h">
      <Filter>Objects</Filter>
    </ClInclude>
    <ClInclude Include="..\src\objects\powerUp.h">
      <Filter>Objects</Filter>
    </ClInclude>
    <ClInclude Include="..\src\gameManagement\game.h">
      <Filter>gameManagement</Filter>
    </ClInclude>
    <ClInclude Include="..\src\gameManagement\menu.h">
      <Filter>gameManagement</Filter>
    </ClInclude>
    <ClInclude Include="..\src\gameManagement\pause.h">
      <Filter>gameManagement</Filter>
    </ClInclude>
    <ClInclude Include="..\src\gameManagement\rules.h">
      <Filter>gameManagement</Filter>
    </ClInclude>
    <ClInclude Include="..\src\gameManagement\scenes.h">
      <Filter>gameManagement</Filter>
    </ClInclude>
  </ItemGroup>
</Project>